
Microsoft Visual Studio Solution File, Format Version 12.00
# Visual Studio Version 17
VisualStudioVersion = 17.2.32602.215
MinimumVisualStudioVersion = 10.0.40219.1
Project("{FAE04EC0-301F-11D3-BF4B-00C04F79EFBC}") = "ApiClimate", "ApiClimate\ApiClimate.csproj", "{C6C6D2FF-D206-4337-B6FF-263083167B30}"
EndProject
Project("{E53339B2-1760-4266-BCC7-CA923CBCF16C}") = "docker-compose", "docker-compose.dcproj", "{4767CA75-3E2D-41CD-9D30-42C3D493659F}"
EndProject
Global
	GlobalSection(SolutionConfigurationPlatforms) = preSolution
		Debug|Any CPU = Debug|Any CPU
		Release|Any CPU = Release|Any CPU
	EndGlobalSection
	GlobalSection(ProjectConfigurationPlatforms) = postSolution
		{C6C6D2FF-D206-4337-B6FF-263083167B30}.Debug|Any CPU.ActiveCfg = Debug|Any CPU
		{C6C6D2FF-D206-4337-B6FF-263083167B30}.Debug|Any CPU.Build.0 = Debug|Any CPU
		{C6C6D2FF-D206-4337-B6FF-263083167B30}.Release|Any CPU.ActiveCfg = Release|Any CPU
		{C6C6D2FF-D206-4337-B6FF-263083167B30}.Release|Any CPU.Build.0 = Release|Any CPU
		{4767CA75-3E2D-41CD-9D30-42C3D493659F}.Debug|Any CPU.ActiveCfg = Debug|Any CPU
		{4767CA75-3E2D-41CD-9D30-42C3D493659F}.Debug|Any CPU.Build.0 = Debug|Any CPU
		{4767CA75-3E2D-41CD-9D30-42C3D493659F}.Release|Any CPU.ActiveCfg = Release|Any CPU
		{4767CA75-3E2D-41CD-9D30-42C3D493659F}.Release|Any CPU.Build.0 = Release|Any CPU
	EndGlobalSection
	GlobalSection(SolutionProperties) = preSolution
		HideSolutionNode = FALSE
	EndGlobalSection
	GlobalSection(ExtensibilityGlobals) = postSolution
		SolutionGuid = {19D437E3-E301-4662-8AC4-A327071AA84A}
	EndGlobalSection
EndGlobal
